// !$*UTF8*$!
{
	archiveVersion = 1;
	classes = {
	};
	objectVersion = 46;
	objects = {

/* Begin PBXBuildFile section */
		4F8D11A0B1B44305AD02DDF3 /* tgui3.cpp in Sources */ = {isa = PBXBuildFile; fileRef = 95723A0E3B95424B88990EB5 /* tgui3.cpp */; settings = {COMPILER_FLAGS = ""; }; };
		601F34C302044AF4864BF206 /* tgui3_sdl.cpp in Sources */ = {isa = PBXBuildFile; fileRef = 8F9D3821589E450BB28F1F0A /* tgui3_sdl.cpp */; settings = {COMPILER_FLAGS = ""; }; };
		960F75F91FA2844500CCDE26 /* tgui3.cpp in Sources */ = {isa = PBXBuildFile; fileRef = 95723A0E3B95424B88990EB5 /* tgui3.cpp */; };
		960F75FA1FA2844500CCDE26 /* tgui3_sdl.cpp in Sources */ = {isa = PBXBuildFile; fileRef = 8F9D3821589E450BB28F1F0A /* tgui3_sdl.cpp */; };
/* End PBXBuildFile section */

/* Begin PBXCopyFilesBuildPhase section */
		960F75EC1FA2840800CCDE26 /* CopyFiles */ = {
			isa = PBXCopyFilesBuildPhase;
			buildActionMask = 2147483647;
			dstPath = "include/$(PRODUCT_NAME)";
			dstSubfolderSpec = 16;
			files = (
			);
			runOnlyForDeploymentPostprocessing = 0;
		};
/* End PBXCopyFilesBuildPhase section */

/* Begin PBXFileReference section */
		656F27C514244806AA46F4E7 /* CMakeLists.txt */ = {isa = PBXFileReference; explicitFileType = sourcecode.text; fileEncoding = 4; lastKnownFileType = text; path = CMakeLists.txt; sourceTree = SOURCE_ROOT; };
		72154B4E1D0E4B3C88FF666C /* libtgui3.a */ = {isa = PBXFileReference; explicitFileType = archive.ar; path = libtgui3.a; sourceTree = BUILT_PRODUCTS_DIR; };
		8F9D3821589E450BB28F1F0A /* tgui3_sdl.cpp */ = {isa = PBXFileReference; explicitFileType = sourcecode.cpp.cpp; fileEncoding = 4; name = tgui3_sdl.cpp; path = src/tgui3_sdl.cpp; sourceTree = SOURCE_ROOT; };
		95723A0E3B95424B88990EB5 /* tgui3.cpp */ = {isa = PBXFileReference; explicitFileType = sourcecode.cpp.cpp; fileEncoding = 4; name = tgui3.cpp; path = src/tgui3.cpp; sourceTree = SOURCE_ROOT; };
		960F75EE1FA2840800CCDE26 /* libtvos.a */ = {isa = PBXFileReference; explicitFileType = archive.ar; includeInIndex = 0; name = libtvos.a; path = libtgui3.a; sourceTree = BUILT_PRODUCTS_DIR; };
/* End PBXFileReference section */

/* Begin PBXFrameworksBuildPhase section */
		960F75EB1FA2840800CCDE26 /* Frameworks */ = {
			isa = PBXFrameworksBuildPhase;
			buildActionMask = 2147483647;
			files = (
			);
			runOnlyForDeploymentPostprocessing = 0;
		};
/* End PBXFrameworksBuildPhase section */

/* Begin PBXGroup section */
		2FED38FD54F14DAA91AA0DA2 = {
			isa = PBXGroup;
			children = (
				C4C50835C6B941738AA944CE /* Sources */,
				B826C03DCBB04325B79AB22B /* Resources */,
				839D8591C1EA48738D59829C /* Products */,
			);
			sourceTree = "<group>";
		};
		4C922FE27FF7419885A3D5F0 /* Source Files */ = {
			isa = PBXGroup;
			children = (
				95723A0E3B95424B88990EB5 /* tgui3.cpp */,
				8F9D3821589E450BB28F1F0A /* tgui3_sdl.cpp */,
			);
			name = "Source Files";
			sourceTree = "<group>";
		};
		839D8591C1EA48738D59829C /* Products */ = {
			isa = PBXGroup;
			children = (
				72154B4E1D0E4B3C88FF666C /* libtgui3.a */,
				960F75EE1FA2840800CCDE26 /* libtvos.a */,
			);
			name = Products;
			sourceTree = "<group>";
		};
		B54DF5653AB44F4089F72D21 /* tgui3 */ = {
			isa = PBXGroup;
			children = (
				4C922FE27FF7419885A3D5F0 /* Source Files */,
				656F27C514244806AA46F4E7 /* CMakeLists.txt */,
			);
			name = tgui3;
			sourceTree = "<group>";
		};
		B826C03DCBB04325B79AB22B /* Resources */ = {
			isa = PBXGroup;
			children = (
			);
			name = Resources;
			sourceTree = "<group>";
		};
		C4C50835C6B941738AA944CE /* Sources */ = {
			isa = PBXGroup;
			children = (
				B54DF5653AB44F4089F72D21 /* tgui3 */,
			);
			name = Sources;
			sourceTree = "<group>";
		};
/* End PBXGroup section */

/* Begin PBXNativeTarget section */
		8B5FB234BD6E4E1B887322DE /* ios */ = {
			isa = PBXNativeTarget;
			buildConfigurationList = C70EC8E8CD844C629B93F4D9 /* Build configuration list for PBXNativeTarget "ios" */;
			buildPhases = (
				968A276B27CD49CD88D3EE8B /* Sources */,
			);
			buildRules = (
			);
			dependencies = (
			);
			name = ios;
			productName = tgui3;
			productReference = 72154B4E1D0E4B3C88FF666C /* libtgui3.a */;
			productType = "com.apple.product-type.library.static";
		};
		960F75ED1FA2840800CCDE26 /* tvos */ = {
			isa = PBXNativeTarget;
			buildConfigurationList = 960F75F41FA2840800CCDE26 /* Build configuration list for PBXNativeTarget "tvos" */;
			buildPhases = (
				960F75EA1FA2840800CCDE26 /* Sources */,
				960F75EB1FA2840800CCDE26 /* Frameworks */,
				960F75EC1FA2840800CCDE26 /* CopyFiles */,
			);
			buildRules = (
			);
			dependencies = (
			);
			name = tvos;
			productName = tgui3;
			productReference = 960F75EE1FA2840800CCDE26 /* libtvos.a */;
			productType = "com.apple.product-type.library.static";
		};
/* End PBXNativeTarget section */

/* Begin PBXProject section */
		E624267D3B594879BB959C23 /* Project object */ = {
			isa = PBXProject;
			attributes = {
				BuildIndependentTargetsInParallel = YES;
				LastUpgradeCheck = 0930;
				TargetAttributes = {
					960F75ED1FA2840800CCDE26 = {
						CreatedOnToolsVersion = 9.0.1;
						DevelopmentTeam = ZCLK6CUZ99;
						ProvisioningStyle = Automatic;
					};
				};
			};
			buildConfigurationList = 6821787D7F684C9B9BA926AC /* Build configuration list for PBXProject "tgui3" */;
			compatibilityVersion = "Xcode 3.2";
			developmentRegion = en;
			hasScannedForEncodings = 0;
			knownRegions = (
				en,
			);
			mainGroup = 2FED38FD54F14DAA91AA0DA2;
			projectDirPath = ../../;
			projectRoot = "";
			targets = (
				8B5FB234BD6E4E1B887322DE /* ios */,
				960F75ED1FA2840800CCDE26 /* tvos */,
			);
		};
/* End PBXProject section */

/* Begin PBXSourcesBuildPhase section */
		960F75EA1FA2840800CCDE26 /* Sources */ = {
			isa = PBXSourcesBuildPhase;
			buildActionMask = 2147483647;
			files = (
				960F75F91FA2844500CCDE26 /* tgui3.cpp in Sources */,
				960F75FA1FA2844500CCDE26 /* tgui3_sdl.cpp in Sources */,
			);
			runOnlyForDeploymentPostprocessing = 0;
		};
		968A276B27CD49CD88D3EE8B /* Sources */ = {
			isa = PBXSourcesBuildPhase;
			buildActionMask = 2147483647;
			files = (
				4F8D11A0B1B44305AD02DDF3 /* tgui3.cpp in Sources */,
				601F34C302044AF4864BF206 /* tgui3_sdl.cpp in Sources */,
			);
			runOnlyForDeploymentPostprocessing = 0;
		};
/* End PBXSourcesBuildPhase section */

/* Begin XCBuildConfiguration section */
		0573D346E6164C85BBA34C1C /* Release */ = {
			isa = XCBuildConfiguration;
			buildSettings = {
				CLANG_WARN_BLOCK_CAPTURE_AUTORELEASING = YES;
				CLANG_WARN_BOOL_CONVERSION = YES;
				CLANG_WARN_COMMA = YES;
				CLANG_WARN_CONSTANT_CONVERSION = YES;
				CLANG_WARN_DEPRECATED_OBJC_IMPLEMENTATIONS = YES;
				CLANG_WARN_EMPTY_BODY = YES;
				CLANG_WARN_ENUM_CONVERSION = YES;
				CLANG_WARN_INFINITE_RECURSION = YES;
				CLANG_WARN_INT_CONVERSION = YES;
				CLANG_WARN_NON_LITERAL_NULL_CONVERSION = YES;
				CLANG_WARN_OBJC_IMPLICIT_RETAIN_SELF = YES;
				CLANG_WARN_OBJC_LITERAL_CONVERSION = YES;
				CLANG_WARN_RANGE_LOOP_ANALYSIS = YES;
				CLANG_WARN_STRICT_PROTOTYPES = YES;
				CLANG_WARN_SUSPICIOUS_MOVE = YES;
				CLANG_WARN_UNREACHABLE_CODE = YES;
				CLANG_WARN__DUPLICATE_METHOD_MATCH = YES;
				ENABLE_STRICT_OBJC_MSGSEND = YES;
				GCC_NO_COMMON_BLOCKS = YES;
				GCC_SYMBOLS_PRIVATE_EXTERN = YES;
				GCC_WARN_64_TO_32_BIT_CONVERSION = YES;
				GCC_WARN_ABOUT_RETURN_TYPE = YES;
				GCC_WARN_UNDECLARED_SELECTOR = YES;
				GCC_WARN_UNINITIALIZED_AUTOS = YES;
				GCC_WARN_UNUSED_FUNCTION = YES;
				GCC_WARN_UNUSED_VARIABLE = YES;
				SDKROOT = /Applications/Xcode.app/Contents/Developer/Platforms/iPhoneOS.platform/Developer/SDKs/iPhoneOS11.0.sdk;
				SYMROOT = /Users/trent/code/tgui3/apple/ios/build;
			};
			name = Release;
		};
		3405CAE1DB774360B93F247A /* MinSizeRel */ = {
			isa = XCBuildConfiguration;
			buildSettings = {
				CLANG_WARN_BLOCK_CAPTURE_AUTORELEASING = YES;
				CLANG_WARN_BOOL_CONVERSION = YES;
				CLANG_WARN_COMMA = YES;
				CLANG_WARN_CONSTANT_CONVERSION = YES;
				CLANG_WARN_DEPRECATED_OBJC_IMPLEMENTATIONS = YES;
				CLANG_WARN_EMPTY_BODY = YES;
				CLANG_WARN_ENUM_CONVERSION = YES;
				CLANG_WARN_INFINITE_RECURSION = YES;
				CLANG_WARN_INT_CONVERSION = YES;
				CLANG_WARN_NON_LITERAL_NULL_CONVERSION = YES;
				CLANG_WARN_OBJC_IMPLICIT_RETAIN_SELF = YES;
				CLANG_WARN_OBJC_LITERAL_CONVERSION = YES;
				CLANG_WARN_RANGE_LOOP_ANALYSIS = YES;
				CLANG_WARN_STRICT_PROTOTYPES = YES;
				CLANG_WARN_SUSPICIOUS_MOVE = YES;
				CLANG_WARN_UNREACHABLE_CODE = YES;
				CLANG_WARN__DUPLICATE_METHOD_MATCH = YES;
				ENABLE_STRICT_OBJC_MSGSEND = YES;
				GCC_NO_COMMON_BLOCKS = YES;
				GCC_SYMBOLS_PRIVATE_EXTERN = YES;
				GCC_WARN_64_TO_32_BIT_CONVERSION = YES;
				GCC_WARN_ABOUT_RETURN_TYPE = YES;
				GCC_WARN_UNDECLARED_SELECTOR = YES;
				GCC_WARN_UNINITIALIZED_AUTOS = YES;
				GCC_WARN_UNUSED_FUNCTION = YES;
				GCC_WARN_UNUSED_VARIABLE = YES;
				SDKROOT = /Applications/Xcode.app/Contents/Developer/Platforms/iPhoneOS.platform/Developer/SDKs/iPhoneOS11.0.sdk;
				SYMROOT = /Users/trent/code/tgui3/apple/ios/build;
			};
			name = MinSizeRel;
		};
		3608E6001C4D4F5EA4CC43FB /* RelWithDebInfo */ = {
			isa = XCBuildConfiguration;
			buildSettings = {
				CLANG_WARN_BLOCK_CAPTURE_AUTORELEASING = YES;
				CLANG_WARN_BOOL_CONVERSION = YES;
				CLANG_WARN_COMMA = YES;
				CLANG_WARN_CONSTANT_CONVERSION = YES;
				CLANG_WARN_DEPRECATED_OBJC_IMPLEMENTATIONS = YES;
				CLANG_WARN_EMPTY_BODY = YES;
				CLANG_WARN_ENUM_CONVERSION = YES;
				CLANG_WARN_INFINITE_RECURSION = YES;
				CLANG_WARN_INT_CONVERSION = YES;
				CLANG_WARN_NON_LITERAL_NULL_CONVERSION = YES;
				CLANG_WARN_OBJC_IMPLICIT_RETAIN_SELF = YES;
				CLANG_WARN_OBJC_LITERAL_CONVERSION = YES;
				CLANG_WARN_RANGE_LOOP_ANALYSIS = YES;
				CLANG_WARN_STRICT_PROTOTYPES = YES;
				CLANG_WARN_SUSPICIOUS_MOVE = YES;
				CLANG_WARN_UNREACHABLE_CODE = YES;
				CLANG_WARN__DUPLICATE_METHOD_MATCH = YES;
				ENABLE_STRICT_OBJC_MSGSEND = YES;
				GCC_NO_COMMON_BLOCKS = YES;
				GCC_SYMBOLS_PRIVATE_EXTERN = YES;
				GCC_WARN_64_TO_32_BIT_CONVERSION = YES;
				GCC_WARN_ABOUT_RETURN_TYPE = YES;
				GCC_WARN_UNDECLARED_SELECTOR = YES;
				GCC_WARN_UNINITIALIZED_AUTOS = YES;
				GCC_WARN_UNUSED_FUNCTION = YES;
				GCC_WARN_UNUSED_VARIABLE = YES;
				SDKROOT = /Applications/Xcode.app/Contents/Developer/Platforms/iPhoneOS.platform/Developer/SDKs/iPhoneOS11.0.sdk;
				SYMROOT = /Users/trent/code/tgui3/apple/ios/build;
			};
			name = RelWithDebInfo;
		};
		4605A2A4A52F4385A4239CE7 /* Debug */ = {
			isa = XCBuildConfiguration;
			buildSettings = {
				CLANG_WARN_BLOCK_CAPTURE_AUTORELEASING = YES;
				CLANG_WARN_BOOL_CONVERSION = YES;
				CLANG_WARN_COMMA = YES;
				CLANG_WARN_CONSTANT_CONVERSION = YES;
				CLANG_WARN_DEPRECATED_OBJC_IMPLEMENTATIONS = YES;
				CLANG_WARN_EMPTY_BODY = YES;
				CLANG_WARN_ENUM_CONVERSION = YES;
				CLANG_WARN_INFINITE_RECURSION = YES;
				CLANG_WARN_INT_CONVERSION = YES;
				CLANG_WARN_NON_LITERAL_NULL_CONVERSION = YES;
				CLANG_WARN_OBJC_IMPLICIT_RETAIN_SELF = YES;
				CLANG_WARN_OBJC_LITERAL_CONVERSION = YES;
				CLANG_WARN_RANGE_LOOP_ANALYSIS = YES;
				CLANG_WARN_STRICT_PROTOTYPES = YES;
				CLANG_WARN_SUSPICIOUS_MOVE = YES;
				CLANG_WARN_UNREACHABLE_CODE = YES;
				CLANG_WARN__DUPLICATE_METHOD_MATCH = YES;
				ENABLE_STRICT_OBJC_MSGSEND = YES;
				ENABLE_TESTABILITY = YES;
				GCC_NO_COMMON_BLOCKS = YES;
				GCC_SYMBOLS_PRIVATE_EXTERN = YES;
				GCC_WARN_64_TO_32_BIT_CONVERSION = YES;
				GCC_WARN_ABOUT_RETURN_TYPE = YES;
				GCC_WARN_UNDECLARED_SELECTOR = YES;
				GCC_WARN_UNINITIALIZED_AUTOS = YES;
				GCC_WARN_UNUSED_FUNCTION = YES;
				GCC_WARN_UNUSED_VARIABLE = YES;
				ONLY_ACTIVE_ARCH = YES;
				SDKROOT = /Applications/Xcode.app/Contents/Developer/Platforms/iPhoneOS.platform/Developer/SDKs/iPhoneOS11.0.sdk;
				SYMROOT = /Users/trent/code/tgui3/apple/ios/build;
			};
			name = Debug;
		};
		55771BA8FC7C4EE0A982F376 /* MinSizeRel */ = {
			isa = XCBuildConfiguration;
			buildSettings = {
				CLANG_ENABLE_OBJC_WEAK = YES;
				COMBINE_HIDPI_IMAGES = YES;
				DYLIB_COMPATIBILITY_VERSION = "";
				DYLIB_CURRENT_VERSION = "";
				ENABLE_BITCODE = NO;
				EXECUTABLE_PREFIX = lib;
				GCC_GENERATE_DEBUGGING_SYMBOLS = NO;
				GCC_INLINES_ARE_PRIVATE_EXTERN = NO;
				GCC_OPTIMIZATION_LEVEL = s;
				GCC_PREPROCESSOR_DEFINITIONS = (
					"'CMAKE_INTDIR=\"$(CONFIGURATION)$(EFFECTIVE_PLATFORM_NAME)\"'",
					tgui3_EXPORTS,
				);
				GCC_SYMBOLS_PRIVATE_EXTERN = YES;
				HEADER_SEARCH_PATHS = (
					/Users/trent/code/tgui3/include,
					/Users/trent/code/libs/ios/include,
					/Users/trent/code/libs/ios/include/SDL2,
					"/Users/trent/code/SDL2_ttf-2.0.14/external/freetype-2.4.12/include",
					/Users/trent/code/Nooskewl_Shim/include,
					/Users/trent/code/Nooskewl_Wedge/include,
				);
				INSTALL_PATH = "/Users/trent/code/tgui3/apple/ios/MinSizeRel${EFFECTIVE_PLATFORM_NAME}";
				IPHONEOS_DEPLOYMENT_TARGET = 9.0;
				LIBRARY_SEARCH_PATHS = (
					"/Users/trent/code/libs/ios/lib/$(CONFIGURATION)$(EFFECTIVE_PLATFORM_NAME)",
					/Users/trent/code/libs/ios/lib,
				);
				ONLY_ACTIVE_ARCH = NO;
				OTHER_CPLUSPLUSFLAGS = (
					"-DTGUI_LIB_BUILD",
					"-DIOS",
				);
				OTHER_REZFLAGS = "";
				PRODUCT_NAME = tgui3;
				SDKROOT = iphoneos;
				SECTORDER_FLAGS = "";
				SUPPORTED_PLATFORMS = "iphonesimulator iphoneos";
				SYMROOT = /Users/trent/code/tgui3/apple/ios;
				TARGETED_DEVICE_FAMILY = "1,2";
				USE_HEADERMAP = NO;
				VALID_ARCHS = "arm64 armv7 armv7s";
				WARNING_CFLAGS = (
					"-Wmost",
					"-Wno-four-char-constants",
					"-Wno-unknown-pragmas",
					"$(inherited)",
				);
			};
			name = MinSizeRel;
		};
		917401F9B7654DD3B7D715EB /* Debug */ = {
			isa = XCBuildConfiguration;
			buildSettings = {
				CLANG_ENABLE_OBJC_WEAK = YES;
				COMBINE_HIDPI_IMAGES = YES;
				DYLIB_COMPATIBILITY_VERSION = "";
				DYLIB_CURRENT_VERSION = "";
				ENABLE_BITCODE = NO;
				EXECUTABLE_PREFIX = lib;
				GCC_GENERATE_DEBUGGING_SYMBOLS = NO;
				GCC_INLINES_ARE_PRIVATE_EXTERN = NO;
				GCC_OPTIMIZATION_LEVEL = s;
				GCC_PREPROCESSOR_DEFINITIONS = (
					"'CMAKE_INTDIR=\"$(CONFIGURATION)$(EFFECTIVE_PLATFORM_NAME)\"'",
					tgui3_EXPORTS,
				);
				GCC_SYMBOLS_PRIVATE_EXTERN = YES;
				HEADER_SEARCH_PATHS = (
					/Users/trent/code/tgui3/include,
					/Users/trent/code/libs/ios/include,
					/Users/trent/code/libs/ios/include/SDL2,
					"/Users/trent/code/SDL2_ttf-2.0.14/external/freetype-2.4.12/include",
					/Users/trent/code/Nooskewl_Shim/include,
					/Users/trent/code/Nooskewl_Wedge/include,
				);
				INSTALL_PATH = "/Users/trent/code/tgui3/apple/ios/Debug${EFFECTIVE_PLATFORM_NAME}";
				IPHONEOS_DEPLOYMENT_TARGET = 9.0;
				LIBRARY_SEARCH_PATHS = (
					"/Users/trent/code/libs/ios/lib/$(CONFIGURATION)$(EFFECTIVE_PLATFORM_NAME)",
					/Users/trent/code/libs/ios/lib,
				);
				ONLY_ACTIVE_ARCH = NO;
				OTHER_CPLUSPLUSFLAGS = (
					"-DTGUI_LIB_BUILD",
					"-DIOS",
				);
				OTHER_REZFLAGS = "";
				PRODUCT_NAME = tgui3;
				SDKROOT = iphoneos;
				SECTORDER_FLAGS = "";
				SUPPORTED_PLATFORMS = "iphonesimulator iphoneos";
				SYMROOT = /Users/trent/code/tgui3/apple/ios;
				TARGETED_DEVICE_FAMILY = "1,2";
				USE_HEADERMAP = NO;
				VALID_ARCHS = "arm64 armv7 armv7s";
				WARNING_CFLAGS = (
					"-Wmost",
					"-Wno-four-char-constants",
					"-Wno-unknown-pragmas",
					"$(inherited)",
				);
			};
			name = Debug;
		};
		960F75F51FA2840800CCDE26 /* Debug */ = {
			isa = XCBuildConfiguration;
			buildSettings = {
				ALWAYS_SEARCH_USER_PATHS = NO;
				CLANG_ANALYZER_NONNULL = YES;
				CLANG_ANALYZER_NUMBER_OBJECT_CONVERSION = YES_AGGRESSIVE;
				CLANG_CXX_LANGUAGE_STANDARD = "gnu++14";
				CLANG_CXX_LIBRARY = "libc++";
				CLANG_ENABLE_MODULES = YES;
				CLANG_ENABLE_OBJC_ARC = NO;
				CLANG_ENABLE_OBJC_WEAK = YES;
				CLANG_WARN_DIRECT_OBJC_ISA_USAGE = YES_ERROR;
				CLANG_WARN_DOCUMENTATION_COMMENTS = YES;
				CLANG_WARN_OBJC_ROOT_CLASS = YES_ERROR;
				CLANG_WARN_UNGUARDED_AVAILABILITY = YES_AGGRESSIVE;
				CODE_SIGN_STYLE = Automatic;
				COPY_PHASE_STRIP = NO;
				DEBUG_INFORMATION_FORMAT = dwarf;
				DEVELOPMENT_TEAM = ZCLK6CUZ99;
				GCC_C_LANGUAGE_STANDARD = gnu11;
				GCC_DYNAMIC_NO_PIC = NO;
				GCC_OPTIMIZATION_LEVEL = 0;
				GCC_PREPROCESSOR_DEFINITIONS = (
					TVOS,
					IOS,
				);
				GCC_WARN_ABOUT_RETURN_TYPE = YES_ERROR;
				GCC_WARN_UNINITIALIZED_AUTOS = YES_AGGRESSIVE;
				HEADER_SEARCH_PATHS = (
					/Users/trent/code/libs/tvos/include,
					/Users/trent/code/tgui3/include,
					/Users/trent/code/libs/tvos/include/SDL2,
				);
				MTL_ENABLE_DEBUG_INFO = YES;
				ONLY_ACTIVE_ARCH = YES;
				OTHER_CFLAGS = "-fembed-bitcode";
				OTHER_CPLUSPLUSFLAGS = (
					"$(OTHER_CFLAGS)",
					"-Wno-documentation",
				);
				OTHER_LDFLAGS = "-ObjC";
				PRODUCT_NAME = tgui3;
				SDKROOT = appletvos;
				SKIP_INSTALL = YES;
				TARGETED_DEVICE_FAMILY = 3;
				TVOS_DEPLOYMENT_TARGET = 9.0;
			};
			name = Debug;
		};
		960F75F61FA2840800CCDE26 /* Release */ = {
			isa = XCBuildConfiguration;
			buildSettings = {
				ALWAYS_SEARCH_USER_PATHS = NO;
				CLANG_ANALYZER_NONNULL = YES;
				CLANG_ANALYZER_NUMBER_OBJECT_CONVERSION = YES_AGGRESSIVE;
				CLANG_CXX_LANGUAGE_STANDARD = "gnu++14";
				CLANG_CXX_LIBRARY = "libc++";
				CLANG_ENABLE_MODULES = YES;
				CLANG_ENABLE_OBJC_ARC = NO;
				CLANG_ENABLE_OBJC_WEAK = YES;
				CLANG_WARN_DIRECT_OBJC_ISA_USAGE = YES_ERROR;
				CLANG_WARN_DOCUMENTATION_COMMENTS = YES;
				CLANG_WARN_OBJC_ROOT_CLASS = YES_ERROR;
				CLANG_WARN_UNGUARDED_AVAILABILITY = YES_AGGRESSIVE;
				CODE_SIGN_STYLE = Automatic;
				COPY_PHASE_STRIP = NO;
				DEBUG_INFORMATION_FORMAT = "dwarf-with-dsym";
				DEVELOPMENT_TEAM = ZCLK6CUZ99;
				ENABLE_NS_ASSERTIONS = NO;
				GCC_C_LANGUAGE_STANDARD = gnu11;
				GCC_PREPROCESSOR_DEFINITIONS = (
					TVOS,
					IOS,
				);
				GCC_WARN_ABOUT_RETURN_TYPE = YES_ERROR;
				GCC_WARN_UNINITIALIZED_AUTOS = YES_AGGRESSIVE;
				HEADER_SEARCH_PATHS = (
					/Users/trent/code/libs/tvos/include,
					/Users/trent/code/tgui3/include,
					/Users/trent/code/libs/tvos/include/SDL2,
				);
				MTL_ENABLE_DEBUG_INFO = NO;
				ONLY_ACTIVE_ARCH = YES;
				OTHER_CFLAGS = "-fembed-bitcode";
				OTHER_CPLUSPLUSFLAGS = (
					"$(OTHER_CFLAGS)",
					"-Wno-documentation",
				);
				OTHER_LDFLAGS = "-ObjC";
				PRODUCT_NAME = tgui3;
				SDKROOT = appletvos;
				SKIP_INSTALL = YES;
				TARGETED_DEVICE_FAMILY = 3;
				TVOS_DEPLOYMENT_TARGET = 9.0;
				VALIDATE_PRODUCT = YES;
			};
			name = Release;
		};
		960F75F71FA2840800CCDE26 /* MinSizeRel */ = {
			isa = XCBuildConfiguration;
			buildSettings = {
				ALWAYS_SEARCH_USER_PATHS = NO;
				CLANG_ANALYZER_NONNULL = YES;
				CLANG_ANALYZER_NUMBER_OBJECT_CONVERSION = YES_AGGRESSIVE;
				CLANG_CXX_LANGUAGE_STANDARD = "gnu++14";
				CLANG_CXX_LIBRARY = "libc++";
				CLANG_ENABLE_MODULES = YES;
				CLANG_ENABLE_OBJC_ARC = NO;
				CLANG_ENABLE_OBJC_WEAK = YES;
				CLANG_WARN_DIRECT_OBJC_ISA_USAGE = YES_ERROR;
				CLANG_WARN_DOCUMENTATION_COMMENTS = YES;
				CLANG_WARN_OBJC_ROOT_CLASS = YES_ERROR;
				CLANG_WARN_UNGUARDED_AVAILABILITY = YES_AGGRESSIVE;
				CODE_SIGN_STYLE = Automatic;
				COPY_PHASE_STRIP = NO;
				DEBUG_INFORMATION_FORMAT = "dwarf-with-dsym";
				DEVELOPMENT_TEAM = ZCLK6CUZ99;
				ENABLE_NS_ASSERTIONS = NO;
				GCC_C_LANGUAGE_STANDARD = gnu11;
				GCC_PREPROCESSOR_DEFINITIONS = (
					TVOS,
					IOS,
				);
				GCC_WARN_ABOUT_RETURN_TYPE = YES_ERROR;
				GCC_WARN_UNINITIALIZED_AUTOS = YES_AGGRESSIVE;
				HEADER_SEARCH_PATHS = (
					/Users/trent/code/libs/tvos/include,
					/Users/trent/code/tgui3/include,
					/Users/trent/code/libs/tvos/include/SDL2,
				);
				MTL_ENABLE_DEBUG_INFO = NO;
				ONLY_ACTIVE_ARCH = YES;
				OTHER_CFLAGS = "-fembed-bitcode";
				OTHER_CPLUSPLUSFLAGS = (
					"$(OTHER_CFLAGS)",
					"-Wno-documentation",
				);
				OTHER_LDFLAGS = "-ObjC";
				PRODUCT_NAME = tgui3;
				SDKROOT = appletvos;
				SKIP_INSTALL = YES;
				TARGETED_DEVICE_FAMILY = 3;
				TVOS_DEPLOYMENT_TARGET = 9.0;
				VALIDATE_PRODUCT = YES;
			};
			name = MinSizeRel;
		};
		960F75F81FA2840800CCDE26 /* RelWithDebInfo */ = {
			isa = XCBuildConfiguration;
			buildSettings = {
				ALWAYS_SEARCH_USER_PATHS = NO;
				CLANG_ANALYZER_NONNULL = YES;
				CLANG_ANALYZER_NUMBER_OBJECT_CONVERSION = YES_AGGRESSIVE;
				CLANG_CXX_LANGUAGE_STANDARD = "gnu++14";
				CLANG_CXX_LIBRARY = "libc++";
				CLANG_ENABLE_MODULES = YES;
				CLANG_ENABLE_OBJC_ARC = NO;
				CLANG_ENABLE_OBJC_WEAK = YES;
				CLANG_WARN_DIRECT_OBJC_ISA_USAGE = YES_ERROR;
				CLANG_WARN_DOCUMENTATION_COMMENTS = YES;
				CLANG_WARN_OBJC_ROOT_CLASS = YES_ERROR;
				CLANG_WARN_UNGUARDED_AVAILABILITY = YES_AGGRESSIVE;
				CODE_SIGN_STYLE = Automatic;
				COPY_PHASE_STRIP = NO;
				DEBUG_INFORMATION_FORMAT = "dwarf-with-dsym";
				DEVELOPMENT_TEAM = ZCLK6CUZ99;
				ENABLE_NS_ASSERTIONS = NO;
				GCC_C_LANGUAGE_STANDARD = gnu11;
				GCC_PREPROCESSOR_DEFINITIONS = (
					TVOS,
					IOS,
				);
				GCC_WARN_ABOUT_RETURN_TYPE = YES_ERROR;
				GCC_WARN_UNINITIALIZED_AUTOS = YES_AGGRESSIVE;
				HEADER_SEARCH_PATHS = (
					/Users/trent/code/libs/tvos/include,
					/Users/trent/code/tgui3/include,
					/Users/trent/code/libs/tvos/include/SDL2,
				);
				MTL_ENABLE_DEBUG_INFO = NO;
				ONLY_ACTIVE_ARCH = YES;
				OTHER_CFLAGS = "-fembed-bitcode";
				OTHER_CPLUSPLUSFLAGS = (
					"$(OTHER_CFLAGS)",
					"-Wno-documentation",
				);
				OTHER_LDFLAGS = "-ObjC";
				PRODUCT_NAME = tgui3;
				SDKROOT = appletvos;
				SKIP_INSTALL = YES;
				TARGETED_DEVICE_FAMILY = 3;
				TVOS_DEPLOYMENT_TARGET = 9.0;
				VALIDATE_PRODUCT = YES;
			};
			name = RelWithDebInfo;
		};
		B90415F8E6A54811931B3890 /* RelWithDebInfo */ = {
			isa = XCBuildConfiguration;
			buildSettings = {
				CLANG_ENABLE_OBJC_WEAK = YES;
				COMBINE_HIDPI_IMAGES = YES;
				DYLIB_COMPATIBILITY_VERSION = "";
				DYLIB_CURRENT_VERSION = "";
				ENABLE_BITCODE = NO;
				EXECUTABLE_PREFIX = lib;
				GCC_GENERATE_DEBUGGING_SYMBOLS = NO;
				GCC_INLINES_ARE_PRIVATE_EXTERN = NO;
				GCC_OPTIMIZATION_LEVEL = s;
				GCC_PREPROCESSOR_DEFINITIONS = (
					"'CMAKE_INTDIR=\"$(CONFIGURATION)$(EFFECTIVE_PLATFORM_NAME)\"'",
					tgui3_EXPORTS,
				);
				GCC_SYMBOLS_PRIVATE_EXTERN = YES;
				HEADER_SEARCH_PATHS = (
					/Users/trent/code/tgui3/include,
					/Users/trent/code/libs/ios/include,
					/Users/trent/code/libs/ios/include/SDL2,
					"/Users/trent/code/SDL2_ttf-2.0.14/external/freetype-2.4.12/include",
					/Users/trent/code/Nooskewl_Shim/include,
					/Users/trent/code/Nooskewl_Wedge/include,
				);
				INSTALL_PATH = "/Users/trent/code/tgui3/apple/ios/RelWithDebInfo${EFFECTIVE_PLATFORM_NAME}";
				IPHONEOS_DEPLOYMENT_TARGET = 9.0;
				LIBRARY_SEARCH_PATHS = (
					"/Users/trent/code/libs/ios/lib/$(CONFIGURATION)$(EFFECTIVE_PLATFORM_NAME)",
					/Users/trent/code/libs/ios/lib,
				);
				ONLY_ACTIVE_ARCH = NO;
				OTHER_CPLUSPLUSFLAGS = (
					"-DTGUI_LIB_BUILD",
					"-DIOS",
				);
				OTHER_REZFLAGS = "";
				PRODUCT_NAME = tgui3;
				SDKROOT = iphoneos;
				SECTORDER_FLAGS = "";
				SUPPORTED_PLATFORMS = "iphonesimulator iphoneos";
				SYMROOT = /Users/trent/code/tgui3/apple/ios;
				TARGETED_DEVICE_FAMILY = "1,2";
				USE_HEADERMAP = NO;
				VALID_ARCHS = "arm64 armv7 armv7s";
				WARNING_CFLAGS = (
					"-Wmost",
					"-Wno-four-char-constants",
					"-Wno-unknown-pragmas",
					"$(inherited)",
				);
			};
			name = RelWithDebInfo;
		};
		BCD9C5A38091475484037FB7 /* Release */ = {
			isa = XCBuildConfiguration;
			buildSettings = {
				CLANG_ENABLE_OBJC_WEAK = YES;
				COMBINE_HIDPI_IMAGES = YES;
				DYLIB_COMPATIBILITY_VERSION = "";
				DYLIB_CURRENT_VERSION = "";
				ENABLE_BITCODE = NO;
				EXECUTABLE_PREFIX = lib;
				GCC_GENERATE_DEBUGGING_SYMBOLS = NO;
				GCC_INLINES_ARE_PRIVATE_EXTERN = NO;
				GCC_OPTIMIZATION_LEVEL = s;
				GCC_PREPROCESSOR_DEFINITIONS = (
					"'CMAKE_INTDIR=\"$(CONFIGURATION)$(EFFECTIVE_PLATFORM_NAME)\"'",
					tgui3_EXPORTS,
				);
				GCC_SYMBOLS_PRIVATE_EXTERN = YES;
				HEADER_SEARCH_PATHS = (
					/Users/trent/code/tgui3/include,
					/Users/trent/code/libs/ios/include,
					/Users/trent/code/libs/ios/include/SDL2,
					"/Users/trent/code/SDL2_ttf-2.0.14/external/freetype-2.4.12/include",
					/Users/trent/code/Nooskewl_Shim/include,
					/Users/trent/code/Nooskewl_Wedge/include,
				);
				INSTALL_PATH = "/Users/trent/code/tgui3/apple/ios/Release${EFFECTIVE_PLATFORM_NAME}";
				IPHONEOS_DEPLOYMENT_TARGET = 9.0;
				LIBRARY_SEARCH_PATHS = (
					"/Users/trent/code/libs/ios/lib/$(CONFIGURATION)$(EFFECTIVE_PLATFORM_NAME)",
					/Users/trent/code/libs/ios/lib,
				);
				ONLY_ACTIVE_ARCH = NO;
				OTHER_CPLUSPLUSFLAGS = (
					"-DTGUI_LIB_BUILD",
					"-DIOS",
				);
				OTHER_REZFLAGS = "";
				PRODUCT_NAME = tgui3;
				SDKROOT = iphoneos;
				SECTORDER_FLAGS = "";
				SUPPORTED_PLATFORMS = "iphonesimulator iphoneos";
				SYMROOT = /Users/trent/code/tgui3/apple/ios;
				TARGETED_DEVICE_FAMILY = "1,2";
				USE_HEADERMAP = NO;
				VALID_ARCHS = "arm64 armv7 armv7s";
				WARNING_CFLAGS = (
					"-Wmost",
					"-Wno-four-char-constants",
					"-Wno-unknown-pragmas",
					"$(inherited)",
				);
			};
			name = Release;
		};
/* End XCBuildConfiguration section */

/* Begin XCConfigurationList section */
		6821787D7F684C9B9BA926AC /* Build configuration list for PBXProject "tgui3" */ = {
			isa = XCConfigurationList;
			buildConfigurations = (
				4605A2A4A52F4385A4239CE7 /* Debug */,
				0573D346E6164C85BBA34C1C /* Release */,
				3405CAE1DB774360B93F247A /* MinSizeRel */,
				3608E6001C4D4F5EA4CC43FB /* RelWithDebInfo */,
			);
			defaultConfigurationIsVisible = 0;
			defaultConfigurationName = Debug;
		};
		960F75F41FA2840800CCDE26 /* Build configuration list for PBXNativeTarget "tvos" */ = {
			isa = XCConfigurationList;
			buildConfigurations = (
				960F75F51FA2840800CCDE26 /* Debug */,
				960F75F61FA2840800CCDE26 /* Release */,
				960F75F71FA2840800CCDE26 /* MinSizeRel */,
				960F75F81FA2840800CCDE26 /* RelWithDebInfo */,
			);
			defaultConfigurationIsVisible = 0;
			defaultConfigurationName = Debug;
		};
		C70EC8E8CD844C629B93F4D9 /* Build configuration list for PBXNativeTarget "ios" */ = {
			isa = XCConfigurationList;
			buildConfigurations = (
				917401F9B7654DD3B7D715EB /* Debug */,
				BCD9C5A38091475484037FB7 /* Release */,
				55771BA8FC7C4EE0A982F376 /* MinSizeRel */,
				B90415F8E6A54811931B3890 /* RelWithDebInfo */,
			);
			defaultConfigurationIsVisible = 0;
			defaultConfigurationName = Debug;
		};
/* End XCConfigurationList section */
	};
	rootObject = E624267D3B594879BB959C23 /* Project object */;
}
